// !$*UTF8*$!
{
	archiveVersion = 1;
	classes = {
	};
	objectVersion = 46;
	objects = {

/* Begin PBXBuildFile section */
		8F3293731D19193A008F006D /* main.m in Sources */ = {isa = PBXBuildFile; fileRef = 8F3293721D19193A008F006D /* main.m */; };
		8F3293761D19193A008F006D /* AppDelegate.m in Sources */ = {isa = PBXBuildFile; fileRef = 8F3293751D19193A008F006D /* AppDelegate.m */; };
		8F3293791D19193A008F006D /* ViewController.m in Sources */ = {isa = PBXBuildFile; fileRef = 8F3293781D19193A008F006D /* ViewController.m */; };
		8F32937C1D19193A008F006D /* Main.storyboard in Resources */ = {isa = PBXBuildFile; fileRef = 8F32937A1D19193A008F006D /* Main.storyboard */; };
		8F32937E1D19193A008F006D /* Assets.xcassets in Resources */ = {isa = PBXBuildFile; fileRef = 8F32937D1D19193A008F006D /* Assets.xcassets */; };
		8F3293811D19193A008F006D /* LaunchScreen.storyboard in Resources */ = {isa = PBXBuildFile; fileRef = 8F32937F1D19193A008F006D /* LaunchScreen.storyboard */; };
		8F32938C1D19193B008F006D /* drawBoardTests.m in Sources */ = {isa = PBXBuildFile; fileRef = 8F32938B1D19193B008F006D /* drawBoardTests.m */; };
		8F3293971D19193B008F006D /* drawBoardUITests.m in Sources */ = {isa = PBXBuildFile; fileRef = 8F3293961D19193B008F006D /* drawBoardUITests.m */; };
		8F3293A61D191979008F006D /* DrawBoard.m in Sources */ = {isa = PBXBuildFile; fileRef = 8F3293A51D191979008F006D /* DrawBoard.m */; };
/* End PBXBuildFile section */

/* Begin PBXContainerItemProxy section */
		8F3293881D19193B008F006D /* PBXContainerItemProxy */ = {
			isa = PBXContainerItemProxy;
			containerPortal = 8F3293661D19193A008F006D /* Project object */;
			proxyType = 1;
			remoteGlobalIDString = 8F32936D1D19193A008F006D;
			remoteInfo = drawBoard;
		};
		8F3293931D19193B008F006D /* PBXContainerItemProxy */ = {
			isa = PBXContainerItemProxy;
			containerPortal = 8F3293661D19193A008F006D /* Project object */;
			proxyType = 1;
			remoteGlobalIDString = 8F32936D1D19193A008F006D;
			remoteInfo = drawBoard;
		};
/* End PBXContainerItemProxy section */

/* Begin PBXFileReference section */
		8F32936E1D19193A008F006D /* drawBoard.app */ = {isa = PBXFileReference; explicitFileType = wrapper.application; includeInIndex = 0; path = drawBoard.app; sourceTree = BUILT_PRODUCTS_DIR; };
		8F3293721D19193A008F006D /* main.m */ = {isa = PBXFileReference; lastKnownFileType = sourcecode.c.objc; path = main.m; sourceTree = "<group>"; };
		8F3293741D19193A008F006D /* AppDelegate.h */ = {isa = PBXFileReference; lastKnownFileType = sourcecode.c.h; path = AppDelegate.h; sourceTree = "<group>"; };
		8F3293751D19193A008F006D /* AppDelegate.m */ = {isa = PBXFileReference; lastKnownFileType = sourcecode.c.objc; path = AppDelegate.m; sourceTree = "<group>"; };
		8F3293771D19193A008F006D /* ViewController.h */ = {isa = PBXFileReference; lastKnownFileType = sourcecode.c.h; path = ViewController.h; sourceTree = "<group>"; };
		8F3293781D19193A008F006D /* ViewController.m */ = {isa = PBXFileReference; lastKnownFileType = sourcecode.c.objc; path = ViewController.m; sourceTree = "<group>"; };
		8F32937B1D19193A008F006D /* Base */ = {isa = PBXFileReference; lastKnownFileType = file.storyboard; name = Base; path = Base.lproj/Main.storyboard; sourceTree = "<group>"; };
		8F32937D1D19193A008F006D /* Assets.xcassets */ = {isa = PBXFileReference; lastKnownFileType = folder.assetcatalog; path = Assets.xcassets; sourceTree = "<group>"; };
		8F3293801D19193A008F006D /* Base */ = {isa = PBXFileReference; lastKnownFileType = file.storyboard; name = Base; path = Base.lproj/LaunchScreen.storyboard; sourceTree = "<group>"; };
		8F3293821D19193A008F006D /* Info.plist */ = {isa = PBXFileReference; lastKnownFileType = text.plist.xml; path = Info.plist; sourceTree = "<group>"; };
		8F3293871D19193B008F006D /* drawBoardTests.xctest */ = {isa = PBXFileReference; explicitFileType = wrapper.cfbundle; includeInIndex = 0; path = drawBoardTests.xctest; sourceTree = BUILT_PRODUCTS_DIR; };
		8F32938B1D19193B008F006D /* drawBoardTests.m */ = {isa = PBXFileReference; lastKnownFileType = sourcecode.c.objc; path = drawBoardTests.m; sourceTree = "<group>"; };
		8F32938D1D19193B008F006D /* Info.plist */ = {isa = PBXFileReference; lastKnownFileType = text.plist.xml; path = Info.plist; sourceTree = "<group>"; };
		8F3293921D19193B008F006D /* drawBoardUITests.xctest */ = {isa = PBXFileReference; explicitFileType = wrapper.cfbundle; includeInIndex = 0; path = drawBoardUITests.xctest; sourceTree = BUILT_PRODUCTS_DIR; };
		8F3293961D19193B008F006D /* drawBoardUITests.m */ = {isa = PBXFileReference; lastKnownFileType = sourcecode.c.objc; path = drawBoardUITests.m; sourceTree = "<group>"; };
		8F3293981D19193B008F006D /* Info.plist */ = {isa = PBXFileReference; lastKnownFileType = text.plist.xml; path = Info.plist; sourceTree = "<group>"; };
		8F3293A41D191979008F006D /* DrawBoard.h */ = {isa = PBXFileReference; fileEncoding = 4; lastKnownFileType = sourcecode.c.h; path = DrawBoard.h; sourceTree = "<group>"; };
		8F3293A51D191979008F006D /* DrawBoard.m */ = {isa = PBXFileReference; fileEncoding = 4; lastKnownFileType = sourcecode.c.objc; path = DrawBoard.m; sourceTree = "<group>"; };
/* End PBXFileReference section */

/* Begin PBXFrameworksBuildPhase section */
		8F32936B1D19193A008F006D /* Frameworks */ = {
			isa = PBXFrameworksBuildPhase;
			buildActionMask = 2147483647;
			files = (
			);
			runOnlyForDeploymentPostprocessing = 0;
		};
		8F3293841D19193B008F006D /* Frameworks */ = {
			isa = PBXFrameworksBuildPhase;
			buildActionMask = 2147483647;
			files = (
			);
			runOnlyForDeploymentPostprocessing = 0;
		};
		8F32938F1D19193B008F006D /* Frameworks */ = {
			isa = PBXFrameworksBuildPhase;
			buildActionMask = 2147483647;
			files = (
			);
			runOnlyForDeploymentPostprocessing = 0;
		};
/* End PBXFrameworksBuildPhase section */

/* Begin PBXGroup section */
		8F3293651D19193A008F006D = {
			isa = PBXGroup;
			children = (
				8F3293701D19193A008F006D /* drawBoard */,
				8F32938A1D19193B008F006D /* drawBoardTests */,
				8F3293951D19193B008F006D /* drawBoardUITests */,
				8F32936F1D19193A008F006D /* Products */,
			);
			sourceTree = "<group>";
		};
		8F32936F1D19193A008F006D /* Products */ = {
			isa = PBXGroup;
			children = (
				8F32936E1D19193A008F006D /* drawBoard.app */,
				8F3293871D19193B008F006D /* drawBoardTests.xctest */,
				8F3293921D19193B008F006D /* drawBoardUITests.xctest */,
			);
			name = Products;
			sourceTree = "<group>";
		};
		8F3293701D19193A008F006D /* drawBoard */ = {
			isa = PBXGroup;
			children = (
				8F3293741D19193A008F006D /* AppDelegate.h */,
				8F3293751D19193A008F006D /* AppDelegate.m */,
				8F3293771D19193A008F006D /* ViewController.h */,
				8F3293781D19193A008F006D /* ViewController.m */,
				8F3293A41D191979008F006D /* DrawBoard.h */,
				8F3293A51D191979008F006D /* DrawBoard.m */,
				8F32937A1D19193A008F006D /* Main.storyboard */,
				8F32937D1D19193A008F006D /* Assets.xcassets */,
				8F32937F1D19193A008F006D /* LaunchScreen.storyboard */,
				8F3293821D19193A008F006D /* Info.plist */,
				8F3293711D19193A008F006D /* Supporting Files */,
			);
			path = drawBoard;
			sourceTree = "<group>";
		};
		8F3293711D19193A008F006D /* Supporting Files */ = {
			isa = PBXGroup;
			children = (
				8F3293721D19193A008F006D /* main.m */,
			);
			name = "Supporting Files";
			sourceTree = "<group>";
		};
		8F32938A1D19193B008F006D /* drawBoardTests */ = {
			isa = PBXGroup;
			children = (
				8F32938B1D19193B008F006D /* drawBoardTests.m */,
				8F32938D1D19193B008F006D /* Info.plist */,
			);
			path = drawBoardTests;
			sourceTree = "<group>";
		};
		8F3293951D19193B008F006D /* drawBoardUITests */ = {
			isa = PBXGroup;
			children = (
				8F3293961D19193B008F006D /* drawBoardUITests.m */,
				8F3293981D19193B008F006D /* Info.plist */,
			);
			path = drawBoardUITests;
			sourceTree = "<group>";
		};
/* End PBXGroup section */

/* Begin PBXNativeTarget section */
		8F32936D1D19193A008F006D /* drawBoard */ = {
			isa = PBXNativeTarget;
			buildConfigurationList = 8F32939B1D19193B008F006D /* Build configuration list for PBXNativeTarget "drawBoard" */;
			buildPhases = (
				8F32936A1D19193A008F006D /* Sources */,
				8F32936B1D19193A008F006D /* Frameworks */,
				8F32936C1D19193A008F006D /* Resources */,
			);
			buildRules = (
			);
			dependencies = (
			);
			name = drawBoard;
			productName = drawBoard;
			productReference = 8F32936E1D19193A008F006D /* drawBoard.app */;
			productType = "com.apple.product-type.application";
		};
		8F3293861D19193B008F006D /* drawBoardTests */ = {
			isa = PBXNativeTarget;
			buildConfigurationList = 8F32939E1D19193B008F006D /* Build configuration list for PBXNativeTarget "drawBoardTests" */;
			buildPhases = (
				8F3293831D19193B008F006D /* Sources */,
				8F3293841D19193B008F006D /* Frameworks */,
				8F3293851D19193B008F006D /* Resources */,
			);
			buildRules = (
			);
			dependencies = (
				8F3293891D19193B008F006D /* PBXTargetDependency */,
			);
			name = drawBoardTests;
			productName = drawBoardTests;
			productReference = 8F3293871D19193B008F006D /* drawBoardTests.xctest */;
			productType = "com.apple.product-type.bundle.unit-test";
		};
		8F3293911D19193B008F006D /* drawBoardUITests */ = {
			isa = PBXNativeTarget;
			buildConfigurationList = 8F3293A11D19193B008F006D /* Build configuration list for PBXNativeTarget "drawBoardUITests" */;
			buildPhases = (
				8F32938E1D19193B008F006D /* Sources */,
				8F32938F1D19193B008F006D /* Frameworks */,
				8F3293901D19193B008F006D /* Resources */,
			);
			buildRules = (
			);
			dependencies = (
				8F3293941D19193B008F006D /* PBXTargetDependency */,
			);
			name = drawBoardUITests;
			productName = drawBoardUITests;
			productReference = 8F3293921D19193B008F006D /* drawBoardUITests.xctest */;
			productType = "com.apple.product-type.bundle.ui-testing";
		};
/* End PBXNativeTarget section */

/* Begin PBXProject section */
		8F3293661D19193A008F006D /* Project object */ = {
			isa = PBXProject;
			attributes = {
				LastUpgradeCheck = 0730;
				ORGANIZATIONNAME = Macx;
				TargetAttributes = {
					8F32936D1D19193A008F006D = {
						CreatedOnToolsVersion = 7.3.1;
						DevelopmentTeam = CX4PQV8F6P;
					};
					8F3293861D19193B008F006D = {
						CreatedOnToolsVersion = 7.3.1;
						DevelopmentTeam = CX4PQV8F6P;
						TestTargetID = 8F32936D1D19193A008F006D;
					};
					8F3293911D19193B008F006D = {
						CreatedOnToolsVersion = 7.3.1;
						DevelopmentTeam = CX4PQV8F6P;
						TestTargetID = 8F32936D1D19193A008F006D;
					};
				};
			};
			buildConfigurationList = 8F3293691D19193A008F006D /* Build configuration list for PBXProject "drawBoard" */;
			compatibilityVersion = "Xcode 3.2";
			developmentRegion = English;
			hasScannedForEncodings = 0;
			knownRegions = (
				en,
				Base,
			);
			mainGroup = 8F3293651D19193A008F006D;
			productRefGroup = 8F32936F1D19193A008F006D /* Products */;
			projectDirPath = "";
			projectRoot = "";
			targets = (
				8F32936D1D19193A008F006D /* drawBoard */,
				8F3293861D19193B008F006D /* drawBoardTests */,
				8F3293911D19193B008F006D /* drawBoardUITests */,
			);
		};
/* End PBXProject section */

/* Begin PBXResourcesBuildPhase section */
		8F32936C1D19193A008F006D /* Resources */ = {
			isa = PBXResourcesBuildPhase;
			buildActionMask = 2147483647;
			files = (
				8F3293811D19193A008F006D /* LaunchScreen.storyboard in Resources */,
				8F32937E1D19193A008F006D /* Assets.xcassets in Resources */,
				8F32937C1D19193A008F006D /* Main.storyboard in Resources */,
			);
			runOnlyForDeploymentPostprocessing = 0;
		};
		8F3293851D19193B008F006D /* Resources */ = {
			isa = PBXResourcesBuildPhase;
			buildActionMask = 2147483647;
			files = (
			);
			runOnlyForDeploymentPostprocessing = 0;
		};
		8F3293901D19193B008F006D /* Resources */ = {
			isa = PBXResourcesBuildPhase;
			buildActionMask = 2147483647;
			files = (
			);
			runOnlyForDeploymentPostprocessing = 0;
		};
/* End PBXResourcesBuildPhase section */

/* Begin PBXSourcesBuildPhase section */
		8F32936A1D19193A008F006D /* Sources */ = {
			isa = PBXSourcesBuildPhase;
			buildActionMask = 2147483647;
			files = (
				8F3293A61D191979008F006D /* DrawBoard.m in Sources */,
				8F3293791D19193A008F006D /* ViewController.m in Sources */,
				8F3293761D19193A008F006D /* AppDelegate.m in Sources */,
				8F3293731D19193A008F006D /* main.m in Sources */,
			);
			runOnlyForDeploymentPostprocessing = 0;
		};
		8F3293831D19193B008F006D /* Sources */ = {
			isa = PBXSourcesBuildPhase;
			buildActionMask = 2147483647;
			files = (
				8F32938C1D19193B008F006D /* drawBoardTests.m in Sources */,
			);
			runOnlyForDeploymentPostprocessing = 0;
		};
		8F32938E1D19193B008F006D /* Sources */ = {
			isa = PBXSourcesBuildPhase;
			buildActionMask = 2147483647;
			files = (
				8F3293971D19193B008F006D /* drawBoardUITests.m in Sources */,
			);
			runOnlyForDeploymentPostprocessing = 0;
		};
/* End PBXSourcesBuildPhase section */

/* Begin PBXTargetDependency section */
		8F3293891D19193B008F006D /* PBXTargetDependency */ = {
			isa = PBXTargetDependency;
			target = 8F32936D1D19193A008F006D /* drawBoard */;
			targetProxy = 8F3293881D19193B008F006D /* PBXContainerItemProxy */;
		};
		8F3293941D19193B008F006D /* PBXTargetDependency */ = {
			isa = PBXTargetDependency;
			target = 8F32936D1D19193A008F006D /* drawBoard */;
			targetProxy = 8F3293931D19193B008F006D /* PBXContainerItemProxy */;
		};
/* End PBXTargetDependency section */

/* Begin PBXVariantGroup section */
		8F32937A1D19193A008F006D /* Main.storyboard */ = {
			isa = PBXVariantGroup;
			children = (
				8F32937B1D19193A008F006D /* Base */,
			);
			name = Main.storyboard;
			sourceTree = "<group>";
		};
		8F32937F1D19193A008F006D /* LaunchScreen.storyboard */ = {
			isa = PBXVariantGroup;
			children = (
				8F3293801D19193A008F006D /* Base */,
			);
			name = LaunchScreen.storyboard;
			sourceTree = "<group>";
		};
/* End PBXVariantGroup section */

/* Begin XCBuildConfiguration section */
		8F3293991D19193B008F006D /* Debug */ = {
			isa = XCBuildConfiguration;
			buildSettings = {
				ALWAYS_SEARCH_USER_PATHS = NO;
				CLANG_ANALYZER_NONNULL = YES;
				CLANG_CXX_LANGUAGE_STANDARD = "gnu++0x";
				CLANG_CXX_LIBRARY = "libc++";
				CLANG_ENABLE_MODULES = YES;
				CLANG_ENABLE_OBJC_ARC = YES;
				CLANG_WARN_BOOL_CONVERSION = YES;
				CLANG_WARN_CONSTANT_CONVERSION = YES;
				CLANG_WARN_DIRECT_OBJC_ISA_USAGE = YES_ERROR;
				CLANG_WARN_EMPTY_BODY = YES;
				CLANG_WARN_ENUM_CONVERSION = YES;
				CLANG_WARN_INT_CONVERSION = YES;
				CLANG_WARN_OBJC_ROOT_CLASS = YES_ERROR;
				CLANG_WARN_UNREACHABLE_CODE = YES;
				CLANG_WARN__DUPLICATE_METHOD_MATCH = YES;
				"CODE_SIGN_IDENTITY[sdk=iphoneos*]" = "iPhone Developer";
				COPY_PHASE_STRIP = NO;
				DEBUG_INFORMATION_FORMAT = dwarf;
				ENABLE_STRICT_OBJC_MSGSEND = YES;
				ENABLE_TESTABILITY = YES;
				GCC_C_LANGUAGE_STANDARD = gnu99;
				GCC_DYNAMIC_NO_PIC = NO;
				GCC_NO_COMMON_BLOCKS = YES;
				GCC_OPTIMIZATION_LEVEL = 0;
				GCC_PREPROCESSOR_DEFINITIONS = (
					"DEBUG=1",
					"$(inherited)",
				);
				GCC_WARN_64_TO_32_BIT_CONVERSION = YES;
				GCC_WARN_ABOUT_RETURN_TYPE = YES_ERROR;
				GCC_WARN_UNDECLARED_SELECTOR = YES;
				GCC_WARN_UNINITIALIZED_AUTOS = YES_AGGRESSIVE;
				GCC_WARN_UNUSED_FUNCTION = YES;
				GCC_WARN_UNUSED_VARIABLE = YES;
				IPHONEOS_DEPLOYMENT_TARGET = 9.3;
				MTL_ENABLE_DEBUG_INFO = YES;
				ONLY_ACTIVE_ARCH = YES;
				SDKROOT = iphoneos;
			};
			name = Debug;
		};
		8F32939A1D19193B008F006D /* Release */ = {
			isa = XCBuildConfiguration;
			buildSettings = {
				ALWAYS_SEARCH_USER_PATHS = NO;
				CLANG_ANALYZER_NONNULL = YES;
				CLANG_CXX_LANGUAGE_STANDARD = "gnu++0x";
				CLANG_CXX_LIBRARY = "libc++";
				CLANG_ENABLE_MODULES = YES;
				CLANG_ENABLE_OBJC_ARC = YES;
				CLANG_WARN_BOOL_CONVERSION = YES;
				CLANG_WARN_CONSTANT_CONVERSION = YES;
				CLANG_WARN_DIRECT_OBJC_ISA_USAGE = YES_ERROR;
				CLANG_WARN_EMPTY_BODY = YES;
				CLANG_WARN_ENUM_CONVERSION = YES;
				CLANG_WARN_INT_CONVERSION = YES;
				CLANG_WARN_OBJC_ROOT_CLASS = YES_ERROR;
				CLANG_WARN_UNREACHABLE_CODE = YES;
				CLANG_WARN__DUPLICATE_METHOD_MATCH = YES;
				"CODE_SIGN_IDENTITY[sdk=iphoneos*]" = "iPhone Developer";
				COPY_PHASE_STRIP = NO;
				DEBUG_INFORMATION_FORMAT = "dwarf-with-dsym";
				ENABLE_NS_ASSERTIONS = NO;
				ENABLE_STRICT_OBJC_MSGSEND = YES;
				GCC_C_LANGUAGE_STANDARD = gnu99;
				GCC_NO_COMMON_BLOCKS = YES;
				GCC_WARN_64_TO_32_BIT_CONVERSION = YES;
				GCC_WARN_ABOUT_RETURN_TYPE = YES_ERROR;
				GCC_WARN_UNDECLARED_SELECTOR = YES;
				GCC_WARN_UNINITIALIZED_AUTOS = YES_AGGRESSIVE;
				GCC_WARN_UNUSED_FUNCTION = YES;
				GCC_WARN_UNUSED_VARIABLE = YES;
				IPHONEOS_DEPLOYMENT_TARGET = 9.3;
				MTL_ENABLE_DEBUG_INFO = NO;
				SDKROOT = iphoneos;
				VALIDATE_PRODUCT = YES;
			};
			name = Release;
		};
		8F32939C1D19193B008F006D /* Debug */ = {
			isa = XCBuildConfiguration;
			buildSettings = {
				ASSETCATALOG_COMPILER_APPICON_NAME = AppIcon;
				INFOPLIST_FILE = drawBoard/Info.plist;
				LD_RUNPATH_SEARCH_PATHS = "$(inherited) @executable_path/Frameworks";
				PRODUCT_BUNDLE_IDENTIFIER = ann.drawBoard;
				PRODUCT_NAME = "$(TARGET_NAME)";
			};
			name = Debug;
		};
		8F32939D1D19193B008F006D /* Release */ = {
			isa = XCBuildConfiguration;
			buildSettings = {
				ASSETCATALOG_COMPILER_APPICON_NAME = AppIcon;
				INFOPLIST_FILE = drawBoard/Info.plist;
				LD_RUNPATH_SEARCH_PATHS = "$(inherited) @executable_path/Frameworks";
				PRODUCT_BUNDLE_IDENTIFIER = ann.drawBoard;
				PRODUCT_NAME = "$(TARGET_NAME)";
			};
			name = Release;
		};
		8F32939F1D19193B008F006D /* Debug */ = {
			isa = XCBuildConfiguration;
			buildSettings = {
				BUNDLE_LOADER = "$(TEST_HOST)";
				INFOPLIST_FILE = drawBoardTests/Info.plist;
				LD_RUNPATH_SEARCH_PATHS = "$(inherited) @executable_path/Frameworks @loader_path/Frameworks";
				PRODUCT_BUNDLE_IDENTIFIER = ann.drawBoardTests;
				PRODUCT_NAME = "$(TARGET_NAME)";
				TEST_HOST = "$(BUILT_PRODUCTS_DIR)/drawBoard.app/drawBoard";
			};
			name = Debug;
		};
		8F3293A01D19193B008F006D /* Release */ = {
			isa = XCBuildConfiguration;
			buildSettings = {
				BUNDLE_LOADER = "$(TEST_HOST)";
				INFOPLIST_FILE = drawBoardTests/Info.plist;
				LD_RUNPATH_SEARCH_PATHS = "$(inherited) @executable_path/Frameworks @loader_path/Frameworks";
				PRODUCT_BUNDLE_IDENTIFIER = ann.drawBoardTests;
				PRODUCT_NAME = "$(TARGET_NAME)";
				TEST_HOST = "$(BUILT_PRODUCTS_DIR)/drawBoard.app/drawBoard";
			};
			name = Release;
		};
		8F3293A21D19193B008F006D /* Debug */ = {
			isa = XCBuildConfiguration;
			buildSettings = {
				INFOPLIST_FILE = drawBoardUITests/Info.plist;
				LD_RUNPATH_SEARCH_PATHS = "$(inherited) @executable_path/Frameworks @loader_path/Frameworks";
				PRODUCT_BUNDLE_IDENTIFIER = ann.drawBoardUITests;
				PRODUCT_NAME = "$(TARGET_NAME)";
				TEST_TARGET_NAME = drawBoard;
			};
			name = Debug;
		};
		8F3293A31D19193B008F006D /* Release */ = {
			isa = XCBuildConfiguration;
			buildSettings = {
				INFOPLIST_FILE = drawBoardUITests/Info.plist;
				LD_RUNPATH_SEARCH_PATHS = "$(inherited) @executable_path/Frameworks @loader_path/Frameworks";
				PRODUCT_BUNDLE_IDENTIFIER = ann.drawBoardUITests;
				PRODUCT_NAME = "$(TARGET_NAME)";
				TEST_TARGET_NAME = drawBoard;
			};
			name = Release;
		};
/* End XCBuildConfiguration section */

/* Begin XCConfigurationList section */
		8F3293691D19193A008F006D /* Build configuration list for PBXProject "drawBoard" */ = {
			isa = XCConfigurationList;
			buildConfigurations = (
				8F3293991D19193B008F006D /* Debug */,
				8F32939A1D19193B008F006D /* Release */,
			);
			defaultConfigurationIsVisible = 0;
			defaultConfigurationName = Release;
		};
		8F32939B1D19193B008F006D /* Build configuration list for PBXNativeTarget "drawBoard" */ = {
			isa = XCConfigurationList;
			buildConfigurations = (
				8F32939C1D19193B008F006D /* Debug */,
				8F32939D1D19193B008F006D /* Release */,
			);
			defaultConfigurationIsVisible = 0;
		};
		8F32939E1D19193B008F006D /* Build configuration list for PBXNativeTarget "drawBoardTests" */ = {
			isa = XCConfigurationList;
			buildConfigurations = (
				8F32939F1D19193B008F006D /* Debug */,
				8F3293A01D19193B008F006D /* Release */,
			);
			defaultConfigurationIsVisible = 0;
		};
		8F3293A11D19193B008F006D /* Build configuration list for PBXNativeTarget "drawBoardUITests" */ = {
			isa = XCConfigurationList;
			buildConfigurations = (
				8F3293A21D19193B008F006D /* Debug */,
				8F3293A31D19193B008F006D /* Release */,
			);
			defaultConfigurationIsVisible = 0;
		};
/* End XCConfigurationList section */
	};
	rootObject = 8F3293661D19193A008F006D /* Project object */;
}
